
Microsoft Visual Studio Solution File, Format Version 12.00
# Visual Studio Version 16
VisualStudioVersion = 16.0.30611.23
MinimumVisualStudioVersion = 10.0.40219.1
Project("{9A19103F-16F7-4668-BE54-9A1E7A4F7556}") = "FreakyFashionServices.Catalog", "FreakyFashionServices.Catalog\FreakyFashionServices.Catalog.csproj", "{14457959-EF12-4905-8D24-C7575F44AB81}"
EndProject
Project("{9A19103F-16F7-4668-BE54-9A1E7A4F7556}") = "FreakyFashionServices.Basket", "FreakyFashionServices.Basket\FreakyFashionServices.Basket.csproj", "{D70D72A8-2A71-42C2-9763-15AF22FAE807}"
EndProject
Project("{9A19103F-16F7-4668-BE54-9A1E7A4F7556}") = "FreakyFashionServices.ProductPrice", "FreakyFashionServices.ProductPrice\FreakyFashionServices.ProductPrice.csproj", "{B8446D70-585B-4D1E-922F-294F016C5340}"
EndProject
Project("{9A19103F-16F7-4668-BE54-9A1E7A4F7556}") = "FreakyFashionServices.API", "FreakyFashionServices.API\FreakyFashionServices.API.csproj", "{31D87492-DF14-4091-94A8-78173B168B26}"
EndProject
Project("{9A19103F-16F7-4668-BE54-9A1E7A4F7556}") = "FreakyFashionServices.Order", "FreakyFashionServices.Order\FreakyFashionServices.Order.csproj", "{9187A9D6-78FE-4F3B-A3AD-317255F154B4}"
EndProject
Project("{9A19103F-16F7-4668-BE54-9A1E7A4F7556}") = "FreakyFashionServices.OrderConsole", "FreakyFashionServices.OrderConsole\FreakyFashionServices.OrderConsole.csproj", "{ADD254D2-6FF7-4327-ABBF-9E4174D21C79}"
EndProject
Project("{2150E333-8FDC-42A3-9474-1A3956D46DE8}") = "Solution Items", "Solution Items", "{1FA97032-3BC4-4A9B-99BE-05B0B5A30357}"
	ProjectSection(SolutionItems) = preProject
		README.md = README.md
	EndProjectSection
EndProject
Global
	GlobalSection(SolutionConfigurationPlatforms) = preSolution
		Debug|Any CPU = Debug|Any CPU
		Release|Any CPU = Release|Any CPU
	EndGlobalSection
	GlobalSection(ProjectConfigurationPlatforms) = postSolution
		{14457959-EF12-4905-8D24-C7575F44AB81}.Debug|Any CPU.ActiveCfg = Debug|Any CPU
		{14457959-EF12-4905-8D24-C7575F44AB81}.Debug|Any CPU.Build.0 = Debug|Any CPU
		{14457959-EF12-4905-8D24-C7575F44AB81}.Release|Any CPU.ActiveCfg = Release|Any CPU
		{14457959-EF12-4905-8D24-C7575F44AB81}.Release|Any CPU.Build.0 = Release|Any CPU
		{D70D72A8-2A71-42C2-9763-15AF22FAE807}.Debug|Any CPU.ActiveCfg = Debug|Any CPU
		{D70D72A8-2A71-42C2-9763-15AF22FAE807}.Debug|Any CPU.Build.0 = Debug|Any CPU
		{D70D72A8-2A71-42C2-9763-15AF22FAE807}.Release|Any CPU.ActiveCfg = Release|Any CPU
		{D70D72A8-2A71-42C2-9763-15AF22FAE807}.Release|Any CPU.Build.0 = Release|Any CPU
		{B8446D70-585B-4D1E-922F-294F016C5340}.Debug|Any CPU.ActiveCfg = Debug|Any CPU
		{B8446D70-585B-4D1E-922F-294F016C5340}.Debug|Any CPU.Build.0 = Debug|Any CPU
		{B8446D70-585B-4D1E-922F-294F016C5340}.Release|Any CPU.ActiveCfg = Release|Any CPU
		{B8446D70-585B-4D1E-922F-294F016C5340}.Release|Any CPU.Build.0 = Release|Any CPU
		{31D87492-DF14-4091-94A8-78173B168B26}.Debug|Any CPU.ActiveCfg = Debug|Any CPU
		{31D87492-DF14-4091-94A8-78173B168B26}.Debug|Any CPU.Build.0 = Debug|Any CPU
		{31D87492-DF14-4091-94A8-78173B168B26}.Release|Any CPU.ActiveCfg = Release|Any CPU
		{31D87492-DF14-4091-94A8-78173B168B26}.Release|Any CPU.Build.0 = Release|Any CPU
		{9187A9D6-78FE-4F3B-A3AD-317255F154B4}.Debug|Any CPU.ActiveCfg = Debug|Any CPU
		{9187A9D6-78FE-4F3B-A3AD-317255F154B4}.Debug|Any CPU.Build.0 = Debug|Any CPU
		{9187A9D6-78FE-4F3B-A3AD-317255F154B4}.Release|Any CPU.ActiveCfg = Release|Any CPU
		{9187A9D6-78FE-4F3B-A3AD-317255F154B4}.Release|Any CPU.Build.0 = Release|Any CPU
		{ADD254D2-6FF7-4327-ABBF-9E4174D21C79}.Debug|Any CPU.ActiveCfg = Debug|Any CPU
		{ADD254D2-6FF7-4327-ABBF-9E4174D21C79}.Debug|Any CPU.Build.0 = Debug|Any CPU
		{ADD254D2-6FF7-4327-ABBF-9E4174D21C79}.Release|Any CPU.ActiveCfg = Release|Any CPU
		{ADD254D2-6FF7-4327-ABBF-9E4174D21C79}.Release|Any CPU.Build.0 = Release|Any CPU
	EndGlobalSection
	GlobalSection(SolutionProperties) = preSolution
		HideSolutionNode = FALSE
	EndGlobalSection
	GlobalSection(ExtensibilityGlobals) = postSolution
		SolutionGuid = {5C4C8B92-47CF-4334-A932-3F0E963EE3AE}
	EndGlobalSection
EndGlobal
